lockfileVersion: '9.0'

settings:
  autoInstallPeers: true
  excludeLinksFromLockfile: false

patchedDependencies:
  react-aria-components:
    hash: fc947ac72f4f1fcfdb4396bd9f33a3cbd2ee9f617d67c7daba6bfcf89941d311
    path: patches/react-aria-components.patch

importers:

  .:
    dependencies:
      react-aria-components:
        specifier: ^1.17.0
        version: 1.22.1(patch_hash=fc947ac72f4f1fcfdb4396bd9f33a3cbd2ee9f617d67c7daba6bfcf89941d311)(react-dom@19.2.5(react@19.2.5))(react@19.2.5)

packages:

  '@internationalized/date@3.12.4':
    resolution: {integrity: sha512-M1dEn4c1U1HsSlaVR8upZtSqvXrTkHDfv18H01uCSJyjVLDxnBR38v/fMxecmlwXKR4i9HeZcmgQAPE6A+aGJQ==}

  '@internationalized/number@3.6.9':
    resolution: {integrity: sha512-GgWy2caO/+hV9sT/oCTWGHvbjmJMPT9kkXzoKRLnkEq7adghhR7UprhvY9sXrKfrp3NcDfhF6QQHXR1KfQbB8g==}

  '@internationalized/string@3.2.10':
    resolution: {integrity: sha512-PDx6//vHSpRnHfxqMqto11zQvhsaU74O3mKv2F/0eicGZcl9NLjQmGlbHz/LsJh5tLKp4A4L7ZVTzN1/MmMTvA==}

  '@react-types/shared@3.37.0':
    resolution: {integrity: sha512-VNlZuifu4tHdxWPfHvoMfKsHA9kVTCGkduv5vKVTdinm8wHFJNhyVB5RzIMiRFj0q3RKoCbP68u2zaoBSiFueg==}
    peerDependencies:
      react: ^16.8.0 || ^17.0.0-rc.1 || ^18.0.0 || ^19.0.0-rc.1

  '@swc/helpers@0.5.23':
    resolution: {integrity: sha512-5lSsMOTXURePglDfvuAQUqkGek9Hg2kksOYay2m0+XR++b2NWYL/4sWyuvVBIs8oKnJaxkdi9whaL/sqN13afw==}

  aria-hidden@1.2.6:
    resolution: {integrity: sha512-ik3ZgC9dY/lYVVM++OISsaYDeg1tb0VtP5uL3ouh1koGOaUMDPpbFIei4JkFimWUFPn90sbMNMXQAIVOlnYKJA==}
    engines: {node: '>=10'}

  client-only@0.0.1:
    resolution: {integrity: sha512-IV3Ou0jSMzZrd3pZ48nLkT9DA7Ag1pnPzaiQhpW7c3RbcqqzvzzVu+L8gfqMp/8IM2MQtSiqaCxrrcfu8I8rMA==}

  clsx@2.1.1:
    resolution: {integrity: sha512-eYm0QWBtUrBWZWG0d386OGAw16Z995PiOVo2B7bjWSbHedGl5e0ZWaq65kOGgUSNesEIDkB9ISbTg/JK9dhCZA==}
    engines: {node: '>=6'}

  react-aria-components@1.22.1:
    resolution: {integrity: sha512-UTHaYHOaM71bOCjGPF50DcLywlrwAodE63IP64LB4kO+OizatQEL8TesVEOM8+TkBeSgHoflJ45388IlJfa7aw==}
    peerDependencies:
      react: ^16.8.0 || ^17.0.0-rc.1 || ^18.0.0 || ^19.0.0-rc.1
      react-dom: ^16.8.0 || ^17.0.0-rc.1 || ^18.0.0 || ^19.0.0-rc.1

  react-aria@3.53.1:
    resolution: {integrity: sha512-dikisyOjJd3D2fFrIDWmVWzqiLz5B86GzZv1zxs7xI4dVc0JIz/1Wa52I20gYvVL2WXeFXlygYsle/QcOMhtcg==}
    peerDependencies:
      react: ^16.8.0 || ^17.0.0-rc.1 || ^18.0.0 || ^19.0.0-rc.1
      react-dom: ^16.8.0 || ^17.0.0-rc.1 || ^18.0.0 || ^19.0.0-rc.1

  react-dom@19.2.5:
    resolution: {integrity: sha512-J5bAZz+DXMMwW/wV3xzKke59Af6CHY7G4uYLN1OvBcKEsWOs4pQExj86BBKamxl/Ik5bx9whOrvBlSDfWzgSag==}
    peerDependencies:
      react: ^19.2.5

  react-stately@3.51.0:
    resolution: {integrity: sha512-YJcmkAXu2XOQP97hO/qz/cC3qv9kni3oVhwBlxWr358BHePJUpY15XwL3YSRMKxYt4EkslPqAz11JRirMfANGw==}
    peerDependencies:
      react: ^16.8.0 || ^17.0.0-rc.1 || ^18.0.0 || ^19.0.0-rc.1

  react@19.2.5:
    resolution: {integrity: sha512-llUJLzz1zTUBrskt2pwZgLq59AemifIftw4aB7JxOqf1HY2FDaGDxgwpAPVzHU1kdWabH7FauP4i1oEeer2WCA==}
    engines: {node: '>=0.10.0'}

  scheduler@0.27.0:
    resolution: {integrity: sha512-eNv+WrVbKu1f3vbYJT/xtiF5syA5HPIMtf9IgY/nKg0sWqzAUEvqY/xm7OcZc/qafLx/iO9FgOmeSAp4v5ti/Q==}

  tslib@2.8.1:
    resolution: {integrity: sha512-oJFu94HQb+KVduSUQL7wnpmqnfmLsOA/nAh6b6EH0wCEoK0/mPeXU6c3wKDV83MkOuHPRHtSXKKU99IBazS/2w==}

  use-sync-external-store@1.7.0:
    resolution: {integrity: sha512-6L+EeigHMQhdaIPNIFUKwfWJSwWFQ8gJbJ2DLOs5sDIegTwR9fRxvnM3uciHKjIZhFz+KAv2emhWMRvDmMcY8A==}
    peerDependencies:
      react: ^16.8.0 || ^17.0.0 || ^18.0.0 || ^19.0.0

snapshots:

  '@internationalized/date@3.12.4':
    dependencies:
      '@swc/helpers': 0.5.23

  '@internationalized/number@3.6.9':
    dependencies:
      '@swc/helpers': 0.5.23

  '@internationalized/string@3.2.10':
    dependencies:
      '@swc/helpers': 0.5.23

  '@react-types/shared@3.37.0(react@19.2.5)':
    dependencies:
      react: 19.2.5

  '@swc/helpers@0.5.23':
    dependencies:
      tslib: 2.8.1

  aria-hidden@1.2.6:
    dependencies:
      tslib: 2.8.1

  client-only@0.0.1: {}

  clsx@2.1.1: {}

  react-aria-components@1.22.1(patch_hash=fc947ac72f4f1fcfdb4396bd9f33a3cbd2ee9f617d67c7daba6bfcf89941d311)(react-dom@19.2.5(react@19.2.5))(react@19.2.5):
    dependencies:
      '@internationalized/date': 3.12.4
      '@internationalized/string': 3.2.10
      '@react-types/shared': 3.37.0(react@19.2.5)
      '@swc/helpers': 0.5.23
      client-only: 0.0.1
      react: 19.2.5
      react-aria: 3.53.1(react-dom@19.2.5(react@19.2.5))(react@19.2.5)
      react-dom: 19.2.5(react@19.2.5)
      react-stately: 3.51.0(react@19.2.5)
      use-sync-external-store: 1.7.0(react@19.2.5)

  react-aria@3.53.1(react-dom@19.2.5(react@19.2.5))(react@19.2.5):
    dependencies:
      '@internationalized/date': 3.12.4
      '@internationalized/number': 3.6.9
      '@internationalized/string': 3.2.10
      '@react-types/shared': 3.37.0(react@19.2.5)
      '@swc/helpers': 0.5.23
      aria-hidden: 1.2.6
      clsx: 2.1.1
      react: 19.2.5
      react-dom: 19.2.5(react@19.2.5)
      react-stately: 3.51.0(react@19.2.5)
      use-sync-external-store: 1.7.0(react@19.2.5)

  react-dom@19.2.5(react@19.2.5):
    dependencies:
      react: 19.2.5
      scheduler: 0.27.0

  react-stately@3.51.0(react@19.2.5):
    dependencies:
      '@internationalized/date': 3.12.4
      '@internationalized/number': 3.6.9
      '@internationalized/string': 3.2.10
      '@react-types/shared': 3.37.0(react@19.2.5)
      '@swc/helpers': 0.5.23
      react: 19.2.5
      use-sync-external-store: 1.7.0(react@19.2.5)

  react@19.2.5: {}

  scheduler@0.27.0: {}

  tslib@2.8.1: {}

  use-sync-external-store@1.7.0(react@19.2.5):
    dependencies:
      react: 19.2.5
